Microsoft Visual Studio Solution File, Format Version 11.00
# Visual Studio 2008

Project("{6B56E3B9-0AEE-051D-DCA7-297695687427}") = "PsyWueVR", "Assembly-CSharp.csproj", "{42DCDF0E-F78E-3C01-EB36-81E8CE808ED0}"
EndProject
Global
	GlobalSection(SolutionConfigurationPlatforms) = preSolution
		Debug|Any CPU = Debug|Any CPU
		Release|Any CPU = Release|Any CPU
	EndGlobalSection
	GlobalSection(ProjectConfigurationPlatforms) = postSolution
		{42DCDF0E-F78E-3C01-EB36-81E8CE808ED0}.Debug|Any CPU.ActiveCfg = Debug|Any CPU
		{42DCDF0E-F78E-3C01-EB36-81E8CE808ED0}.Debug|Any CPU.Build.0 = Debug|Any CPU
		{42DCDF0E-F78E-3C01-EB36-81E8CE808ED0}.Release|Any CPU.ActiveCfg = Release|Any CPU
		{42DCDF0E-F78E-3C01-EB36-81E8CE808ED0}.Release|Any CPU.Build.0 = Release|Any CPU
	EndGlobalSection
	GlobalSection(SolutionProperties) = preSolution
		HideSolutionNode = FALSE
	EndGlobalSection
	GlobalSection(MonoDevelopProperties) = preSolution
		StartupItem = Assembly-CSharp.csproj
	EndGlobalSection
EndGlobal
